
Microsoft Visual Studio Solution File, Format Version 12.00
# Visual Studio 15
VisualStudioVersion = 15.0.27130.2024
MinimumVisualStudioVersion = 10.0.40219.1
Project("{FAE04EC0-301F-11D3-BF4B-00C04F79EFBC}") = "X.PagedList.Mvc.Bootstrap4", "X.PagedList.Mvc.Bootstrap4\X.PagedList.Mvc.Bootstrap4.csproj", "{5E1AFCA4-2319-4A5F-AA65-318E4D78359B}"
EndProject
Global
	GlobalSection(SolutionConfigurationPlatforms) = preSolution
		Debug|Any CPU = Debug|Any CPU
		Fs|Any CPU = Fs|Any CPU
		Release|Any CPU = Release|Any CPU
	EndGlobalSection
	GlobalSection(ProjectConfigurationPlatforms) = postSolution
		{5E1AFCA4-2319-4A5F-AA65-318E4D78359B}.Debug|Any CPU.ActiveCfg = Debug|Any CPU
		{5E1AFCA4-2319-4A5F-AA65-318E4D78359B}.Debug|Any CPU.Build.0 = Debug|Any CPU
		{5E1AFCA4-2319-4A5F-AA65-318E4D78359B}.Fs|Any CPU.ActiveCfg = Fs|Any CPU
		{5E1AFCA4-2319-4A5F-AA65-318E4D78359B}.Fs|Any CPU.Build.0 = Fs|Any CPU
		{5E1AFCA4-2319-4A5F-AA65-318E4D78359B}.Release|Any CPU.ActiveCfg = Release|Any CPU
		{5E1AFCA4-2319-4A5F-AA65-318E4D78359B}.Release|Any CPU.Build.0 = Release|Any CPU
	EndGlobalSection
	GlobalSection(SolutionProperties) = preSolution
		HideSolutionNode = FALSE
	EndGlobalSection
	GlobalSection(ExtensibilityGlobals) = postSolution
		SolutionGuid = {B130DA09-F293-4CDD-897D-F44F8461FF50}
	EndGlobalSection
EndGlobal
